<?xml version="1.0" encoding="utf-8"?>
<Project ToolsVersion="4.0" xmlns="http://schemas.microsoft.com/developer/msbuild/2003">
  <ItemGroup>
    <Filter Include="Source Files">
      <UniqueIdentifier>{4FC737F1-C7A5-4376-A066-2A32D752A2FF}</UniqueIdentifier>
      <Extensions>cpp;c;cc;cxx;c++;cppm;ixx;def;odl;idl;hpj;bat;asm;asmx</Extensions>
    </Filter>
    <Filter Include="Header Files">
      <UniqueIdentifier>{93995380-89BD-4b04-88EB-625FBE52EBFB}</UniqueIdentifier>
      <Extensions>h;hh;hpp;hxx;h++;hm;inl;inc;ipp;xsd</Extensions>
    </Filter>
    <Filter Include="Resource Files">
      <UniqueIdentifier>{67DA6AB6-F800-4c08-8B7A-83BB121AAD01}</UniqueIdentifier>
      <Extensions>rc;ico;cur;bmp;dlg;rc2;rct;bin;rgs;gif;jpg;jpeg;jpe;resx;tiff;tif;png;wav;mfcribbon-ms</Extensions>
    </Filter>
    <Filter Include="gme">
      <UniqueIdentifier>{f5396773-a2f4-4d84-b878-7d142fd8fee7}</UniqueIdentifier>
    </Filter>
    <Filter Include="purrfx">
      <UniqueIdentifier>{65fb3ca8-9e2f-447f-b3dd-d577a7c80614}</UniqueIdentifier>
    </Filter>
  </ItemGroup>
  <ItemGroup>
    <ClCompile Include="PurrFX.cpp">
      <Filter>Source Files</Filter>
    </ClCompile>
    <ClCompile Include="gme\Blip_Buffer.cpp">
      <Filter>gme</Filter>
    </ClCompile>
    <ClCompile Include="gme\Classic_Emu.cpp">
      <Filter>gme</Filter>
    </ClCompile>
    <ClCompile Include="gme\Data_Reader.cpp">
      <Filter>gme</Filter>
    </ClCompile>
    <ClCompile Include="gme\Dual_Resampler.cpp">
      <Filter>gme</Filter>
    </ClCompile>
    <ClCompile Include="gme\Effects_Buffer.cpp">
      <Filter>gme</Filter>
    </ClCompile>
    <ClCompile Include="gme\Fir_Resampler.cpp">
      <Filter>gme</Filter>
    </ClCompile>
    <ClCompile Include="gme\gme.cpp">
      <Filter>gme</Filter>
    </ClCompile>
    <ClCompile Include="gme\Gme_File.cpp">
      <Filter>gme</Filter>
    </ClCompile>
    <ClCompile Include="gme\M3u_Playlist.cpp">
      <Filter>gme</Filter>
    </ClCompile>
    <ClCompile Include="gme\Multi_Buffer.cpp">
      <Filter>gme</Filter>
    </ClCompile>
    <ClCompile Include="gme\Music_Emu.cpp">
      <Filter>gme</Filter>
    </ClCompile>
    <ClCompile Include="gme\Nes_Apu.cpp">
      <Filter>gme</Filter>
    </ClCompile>
    <ClCompile Include="gme\Nes_Cpu.cpp">
      <Filter>gme</Filter>
    </ClCompile>
    <ClCompile Include="gme\Nes_Fme7_Apu.cpp">
      <Filter>gme</Filter>
    </ClCompile>
    <ClCompile Include="gme\Nes_Namco_Apu.cpp">
      <Filter>gme</Filter>
    </ClCompile>
    <ClCompile Include="gme\Nes_Oscs.cpp">
      <Filter>gme</Filter>
    </ClCompile>
    <ClCompile Include="gme\Nes_Vrc6_Apu.cpp">
      <Filter>gme</Filter>
    </ClCompile>
    <ClCompile Include="gme\Nsf_Emu.cpp">
      <Filter>gme</Filter>
    </ClCompile>
    <ClCompile Include="gme\Nsfe_Emu.cpp">
      <Filter>gme</Filter>
    </ClCompile>
    <ClCompile Include="purrfx\CNes.cpp">
      <Filter>purrfx</Filter>
    </ClCompile>
    <ClCompile Include="purrfx\CNesGme.cpp">
      <Filter>purrfx</Filter>
    </ClCompile>
    <ClCompile Include="gme\PurrFX_Stuff.cpp">
      <Filter>gme</Filter>
    </ClCompile>
    <ClCompile Include="purrfx\CLogDataConsumer.cpp">
      <Filter>purrfx</Filter>
    </ClCompile>
    <ClCompile Include="purrfx\CLogItem.cpp">
      <Filter>purrfx</Filter>
    </ClCompile>
    <ClCompile Include="purrfx\CLogItemCpuInstruction.cpp">
      <Filter>purrfx</Filter>
    </ClCompile>
    <ClCompile Include="purrfx\CLogFileWriter.cpp">
      <Filter>purrfx</Filter>
    </ClCompile>
    <ClCompile Include="purrfx\CCpuInstructionInfo.cpp">
      <Filter>purrfx</Filter>
    </ClCompile>
    <ClCompile Include="purrfx\CBufferedFileWriter.cpp">
      <Filter>purrfx</Filter>
    </ClCompile>
    <ClCompile Include="purrfx\CLogItemCodeLabel.cpp">
      <Filter>purrfx</Filter>
    </ClCompile>
    <ClCompile Include="purrfx\CLogItemFrameStart.cpp">
      <Filter>purrfx</Filter>
    </ClCompile>
    <ClCompile Include="purrfx\CLogItemApuRegisterWrite.cpp">
      <Filter>purrfx</Filter>
    </ClCompile>
    <ClCompile Include="purrfx\CLogItemFrameEnd.cpp">
      <Filter>purrfx</Filter>
    </ClCompile>
    <ClCompile Include="purrfx\CAudioDataConsumer.cpp">
      <Filter>purrfx</Filter>
    </ClCompile>
    <ClCompile Include="purrfx\CAudioDataConsumerWavWriter.cpp">
      <Filter>purrfx</Filter>
    </ClCompile>
    <ClCompile Include="purrfx\CAudioDataConsumerDummy.cpp">
      <Filter>purrfx</Filter>
    </ClCompile>
    <ClCompile Include="purrfx\CAudioFormat.cpp">
      <Filter>purrfx</Filter>
    </ClCompile>
    <ClCompile Include="purrfx\CAudioProxyBuffer.cpp">
      <Filter>purrfx</Filter>
    </ClCompile>
    <ClCompile Include="purrfx\CAudioProxyBufferDataProvider.cpp">
      <Filter>purrfx</Filter>
    </ClCompile>
    <ClCompile Include="purrfx\CNesGmeAudioDataProvider.cpp">
      <Filter>purrfx</Filter>
    </ClCompile>
    <ClCompile Include="purrfx\CFrameData.cpp">
      <Filter>purrfx</Filter>
    </ClCompile>
    <ClCompile Include="purrfx\CFrameDataConsumer.cpp">
      <Filter>purrfx</Filter>
    </ClCompile>
    <ClCompile Include="purrfx\CFrameDataFileWriter.cpp">
      <Filter>purrfx</Filter>
    </ClCompile>
    <ClCompile Include="purrfx\CNesPtr.cpp">
      <Filter>purrfx</Filter>
    </ClCompile>
    <ClCompile Include="purrfx\CFrameDataProducer.cpp">
      <Filter>purrfx</Filter>
    </ClCompile>
    <ClCompile Include="purrfx\CFrameDataFileReader.cpp">
      <Filter>purrfx</Filter>
    </ClCompile>
    <ClCompile Include="purrfx\CFrameDataProcessor.cpp">
      <Filter>purrfx</Filter>
    </ClCompile>
    <ClCompile Include="purrfx\CNsfTemplate.cpp">
      <Filter>purrfx</Filter>
    </ClCompile>
    <ClCompile Include="purrfx\CDpcmDataConsumer.cpp">
      <Filter>purrfx</Filter>
    </ClCompile>
    <ClCompile Include="purrfx\CNesCalculations.cpp">
      <Filter>purrfx</Filter>
    </ClCompile>
    <ClCompile Include="purrfx\CDpcmSample.cpp">
      <Filter>purrfx</Filter>
    </ClCompile>
    <ClCompile Include="purrfx\CDpcmDataFileWriter.cpp">
      <Filter>purrfx</Filter>
    </ClCompile>
  </ItemGroup>
  <ItemGroup>
    <ClInclude Include="gme\blargg_common.h">
      <Filter>gme</Filter>
    </ClInclude>
    <ClInclude Include="gme\blargg_config.h">
      <Filter>gme</Filter>
    </ClInclude>
    <ClInclude Include="gme\blargg_endian.h">
      <Filter>gme</Filter>
    </ClInclude>
    <ClInclude Include="gme\blargg_source.h">
      <Filter>gme</Filter>
    </ClInclude>
    <ClInclude Include="gme\Blip_Buffer.h">
      <Filter>gme</Filter>
    </ClInclude>
    <ClInclude Include="gme\Classic_Emu.h">
      <Filter>gme</Filter>
    </ClInclude>
    <ClInclude Include="gme\Data_Reader.h">
      <Filter>gme</Filter>
    </ClInclude>
    <ClInclude Include="gme\Dual_Resampler.h">
      <Filter>gme</Filter>
    </ClInclude>
    <ClInclude Include="gme\Effects_Buffer.h">
      <Filter>gme</Filter>
    </ClInclude>
    <ClInclude Include="gme\Fir_Resampler.h">
      <Filter>gme</Filter>
    </ClInclude>
    <ClInclude Include="gme\gme.h">
      <Filter>gme</Filter>
    </ClInclude>
    <ClInclude Include="gme\Gme_File.h">
      <Filter>gme</Filter>
    </ClInclude>
    <ClInclude Include="gme\gme_types.h">
      <Filter>gme</Filter>
    </ClInclude>
    <ClInclude Include="gme\M3u_Playlist.h">
      <Filter>gme</Filter>
    </ClInclude>
    <ClInclude Include="gme\Multi_Buffer.h">
      <Filter>gme</Filter>
    </ClInclude>
    <ClInclude Include="gme\Music_Emu.h">
      <Filter>gme</Filter>
    </ClInclude>
    <ClInclude Include="gme\Nes_Apu.h">
      <Filter>gme</Filter>
    </ClInclude>
    <ClInclude Include="gme\Nes_Cpu.h">
      <Filter>gme</Filter>
    </ClInclude>
    <ClInclude Include="gme\nes_cpu_io.h">
      <Filter>gme</Filter>
    </ClInclude>
    <ClInclude Include="gme\Nes_Fme7_Apu.h">
      <Filter>gme</Filter>
    </ClInclude>
    <ClInclude Include="gme\Nes_Namco_Apu.h">
      <Filter>gme</Filter>
    </ClInclude>
    <ClInclude Include="gme\Nes_Oscs.h">
      <Filter>gme</Filter>
    </ClInclude>
    <ClInclude Include="gme\Nes_Vrc6_Apu.h">
      <Filter>gme</Filter>
    </ClInclude>
    <ClInclude Include="gme\Nsf_Emu.h">
      <Filter>gme</Filter>
    </ClInclude>
    <ClInclude Include="gme\Nsfe_Emu.h">
      <Filter>gme</Filter>
    </ClInclude>
    <ClInclude Include="purrfx\CNes.h">
      <Filter>purrfx</Filter>
    </ClInclude>
    <ClInclude Include="purrfx\CNesGme.h">
      <Filter>purrfx</Filter>
    </ClInclude>
    <ClInclude Include="purrfx\DClass.h">
      <Filter>purrfx</Filter>
    </ClInclude>
    <ClInclude Include="gme\PurrFX_Stuff.h">
      <Filter>gme</Filter>
    </ClInclude>
    <ClInclude Include="purrfx\CLogItem.h">
      <Filter>purrfx</Filter>
    </ClInclude>
    <ClInclude Include="purrfx\CLogDataConsumer.h">
      <Filter>purrfx</Filter>
    </ClInclude>
    <ClInclude Include="purrfx\CLogItemCpuInstruction.h">
      <Filter>purrfx</Filter>
    </ClInclude>
    <ClInclude Include="purrfx\CLogFileWriter.h">
      <Filter>purrfx</Filter>
    </ClInclude>
    <ClInclude Include="purrfx\ELogItemType.h">
      <Filter>purrfx</Filter>
    </ClInclude>
    <ClInclude Include="purrfx\CCpuInstructionInfo.h">
      <Filter>purrfx</Filter>
    </ClInclude>
    <ClInclude Include="purrfx\CBufferedFileWriter.h">
      <Filter>purrfx</Filter>
    </ClInclude>
    <ClInclude Include="purrfx\CLogItemCodeLabel.h">
      <Filter>purrfx</Filter>
    </ClInclude>
    <ClInclude Include="purrfx\ECodeLabelType.h">
      <Filter>purrfx</Filter>
    </ClInclude>
    <ClInclude Include="purrfx\CLogItemFrameStart.h">
      <Filter>purrfx</Filter>
    </ClInclude>
    <ClInclude Include="purrfx\CLogItemApuRegisterWrite.h">
      <Filter>purrfx</Filter>
    </ClInclude>
    <ClInclude Include="purrfx\CLogItemFrameEnd.h">
      <Filter>purrfx</Filter>
    </ClInclude>
    <ClInclude Include="purrfx\CAudioDataConsumer.h">
      <Filter>purrfx</Filter>
    </ClInclude>
    <ClInclude Include="purrfx\CAudioDataConsumerWavWriter.h">
      <Filter>purrfx</Filter>
    </ClInclude>
    <ClInclude Include="purrfx\CAudioDataConsumerDummy.h">
      <Filter>purrfx</Filter>
    </ClInclude>
    <ClInclude Include="purrfx\PurrFX.h">
      <Filter>purrfx</Filter>
    </ClInclude>
    <ClInclude Include="purrfx\CAudioFormat.h">
      <Filter>purrfx</Filter>
    </ClInclude>
    <ClInclude Include="purrfx\CAudioProxyBuffer.h">
      <Filter>purrfx</Filter>
    </ClInclude>
    <ClInclude Include="purrfx\CAudioProxyBufferDataProvider.h">
      <Filter>purrfx</Filter>
    </ClInclude>
    <ClInclude Include="purrfx\CNesGmeAudioDataProvider.h">
      <Filter>purrfx</Filter>
    </ClInclude>
    <ClInclude Include="purrfx\CFrameData.h">
      <Filter>purrfx</Filter>
    </ClInclude>
    <ClInclude Include="purrfx\CFrameDataConsumer.h">
      <Filter>purrfx</Filter>
    </ClInclude>
    <ClInclude Include="purrfx\ERegister.h">
      <Filter>purrfx</Filter>
    </ClInclude>
    <ClInclude Include="purrfx\CFrameDataFileWriter.h">
      <Filter>purrfx</Filter>
    </ClInclude>
    <ClInclude Include="purrfx\ENesType.h">
      <Filter>purrfx</Filter>
    </ClInclude>
    <ClInclude Include="purrfx\CNesPtr.h">
      <Filter>purrfx</Filter>
    </ClInclude>
    <ClInclude Include="purrfx\CFrameDataProducer.h">
      <Filter>purrfx</Filter>
    </ClInclude>
    <ClInclude Include="purrfx\CFrameDataFileReader.h">
      <Filter>purrfx</Filter>
    </ClInclude>
    <ClInclude Include="purrfx\CFrameDataProducerRandomAccess.h">
      <Filter>purrfx</Filter>
    </ClInclude>
    <ClInclude Include="purrfx\CFrameDataProcessor.h">
      <Filter>purrfx</Filter>
    </ClInclude>
    <ClInclude Include="purrfx\CNsfTemplate.h">
      <Filter>purrfx</Filter>
    </ClInclude>
    <ClInclude Include="purrfx\CDpcmDataConsumer.h">
      <Filter>purrfx</Filter>
    </ClInclude>
    <ClInclude Include="purrfx\CNesCalculations.h">
      <Filter>purrfx</Filter>
    </ClInclude>
    <ClInclude Include="purrfx\DNesConsts.h">
      <Filter>purrfx</Filter>
    </ClInclude>
    <ClInclude Include="purrfx\CDpcmSample.h">
      <Filter>purrfx</Filter>
    </ClInclude>
    <ClInclude Include="purrfx\CDpcmDataFileWriter.h">
      <Filter>purrfx</Filter>
    </ClInclude>
    <ClInclude Include="purrfx\EDpcmFileType.h">
      <Filter>purrfx</Filter>
    </ClInclude>
  </ItemGroup>
</Project>