<?xml version="1.0" encoding="utf-8"?>
<Project ToolsVersion="4.0" xmlns="http://schemas.microsoft.com/developer/msbuild/2003">
  <ItemGroup>
    <Filter Include="Source Files">
      <UniqueIdentifier>{4FC737F1-C7A5-4376-A066-2A32D752A2FF}</UniqueIdentifier>
      <Extensions>cpp;c;cc;cxx;c++;cppm;ixx;def;odl;idl;hpj;bat;asm;asmx</Extensions>
    </Filter>
    <Filter Include="Header Files">
      <UniqueIdentifier>{93995380-89BD-4b04-88EB-625FBE52EBFB}</UniqueIdentifier>
      <Extensions>h;hh;hpp;hxx;h++;hm;inl;inc;ipp;xsd</Extensions>
    </Filter>
    <Filter Include="Resource Files">
      <UniqueIdentifier>{67DA6AB6-F800-4c08-8B7A-83BB121AAD01}</UniqueIdentifier>
      <Extensions>rc;ico;cur;bmp;dlg;rc2;rct;bin;rgs;gif;jpg;jpeg;jpe;resx;tiff;tif;png;wav;mfcribbon-ms</Extensions>
    </Filter>
    <Filter Include="gme">
      <UniqueIdentifier>{f5396773-a2f4-4d84-b878-7d142fd8fee7}</UniqueIdentifier>
    </Filter>
    <Filter Include="purrfx">
      <UniqueIdentifier>{65fb3ca8-9e2f-447f-b3dd-d577a7c80614}</UniqueIdentifier>
    </Filter>
  </ItemGroup>
  <ItemGroup>
    <ClCompile Include="PurrFX.cpp">
      <Filter>Source Files</Filter>
    </ClCompile>
    <ClCompile Include="..\gme\Blip_Buffer.cpp">
      <Filter>gme</Filter>
    </ClCompile>
    <ClCompile Include="..\gme\Classic_Emu.cpp">
      <Filter>gme</Filter>
    </ClCompile>
    <ClCompile Include="..\gme\Data_Reader.cpp">
      <Filter>gme</Filter>
    </ClCompile>
    <ClCompile Include="..\gme\Dual_Resampler.cpp">
      <Filter>gme</Filter>
    </ClCompile>
    <ClCompile Include="..\gme\Effects_Buffer.cpp">
      <Filter>gme</Filter>
    </ClCompile>
    <ClCompile Include="..\gme\Fir_Resampler.cpp">
      <Filter>gme</Filter>
    </ClCompile>
    <ClCompile Include="..\gme\gme.cpp">
      <Filter>gme</Filter>
    </ClCompile>
    <ClCompile Include="..\gme\Gme_File.cpp">
      <Filter>gme</Filter>
    </ClCompile>
    <ClCompile Include="..\gme\M3u_Playlist.cpp">
      <Filter>gme</Filter>
    </ClCompile>
    <ClCompile Include="..\gme\Multi_Buffer.cpp">
      <Filter>gme</Filter>
    </ClCompile>
    <ClCompile Include="..\gme\Music_Emu.cpp">
      <Filter>gme</Filter>
    </ClCompile>
    <ClCompile Include="..\gme\Nes_Apu.cpp">
      <Filter>gme</Filter>
    </ClCompile>
    <ClCompile Include="..\gme\Nes_Cpu.cpp">
      <Filter>gme</Filter>
    </ClCompile>
    <ClCompile Include="..\gme\Nes_Fme7_Apu.cpp">
      <Filter>gme</Filter>
    </ClCompile>
    <ClCompile Include="..\gme\Nes_Namco_Apu.cpp">
      <Filter>gme</Filter>
    </ClCompile>
    <ClCompile Include="..\gme\Nes_Oscs.cpp">
      <Filter>gme</Filter>
    </ClCompile>
    <ClCompile Include="..\gme\Nes_Vrc6_Apu.cpp">
      <Filter>gme</Filter>
    </ClCompile>
    <ClCompile Include="..\gme\Nsf_Emu.cpp">
      <Filter>gme</Filter>
    </ClCompile>
    <ClCompile Include="..\gme\Nsfe_Emu.cpp">
      <Filter>gme</Filter>
    </ClCompile>
    <ClCompile Include="..\CNes.cpp">
      <Filter>purrfx</Filter>
    </ClCompile>
    <ClCompile Include="..\CNesGme.cpp">
      <Filter>purrfx</Filter>
    </ClCompile>
    <ClCompile Include="..\gme\PurrFX_Stuff.cpp">
      <Filter>gme</Filter>
    </ClCompile>
    <ClCompile Include="..\CLogDataConsumer.cpp">
      <Filter>purrfx</Filter>
    </ClCompile>
    <ClCompile Include="..\CLogItem.cpp">
      <Filter>purrfx</Filter>
    </ClCompile>
    <ClCompile Include="..\CLogItemCpuInstruction.cpp">
      <Filter>purrfx</Filter>
    </ClCompile>
    <ClCompile Include="..\CLogFileWriter.cpp">
      <Filter>purrfx</Filter>
    </ClCompile>
    <ClCompile Include="..\CCpuInstructionInfo.cpp">
      <Filter>purrfx</Filter>
    </ClCompile>
    <ClCompile Include="..\CBufferedFileWriter.cpp">
      <Filter>purrfx</Filter>
    </ClCompile>
    <ClCompile Include="..\CLogItemCodeLabel.cpp">
      <Filter>purrfx</Filter>
    </ClCompile>
    <ClCompile Include="..\CLogItemFrameStart.cpp">
      <Filter>purrfx</Filter>
    </ClCompile>
    <ClCompile Include="..\CLogItemApuRegisterWrite.cpp">
      <Filter>purrfx</Filter>
    </ClCompile>
    <ClCompile Include="..\CLogItemFrameEnd.cpp">
      <Filter>purrfx</Filter>
    </ClCompile>
    <ClCompile Include="..\CAudioDataConsumer.cpp">
      <Filter>purrfx</Filter>
    </ClCompile>
    <ClCompile Include="..\CAudioDataConsumerWavWriter.cpp">
      <Filter>purrfx</Filter>
    </ClCompile>
    <ClCompile Include="..\CAudioDataConsumerDummy.cpp">
      <Filter>purrfx</Filter>
    </ClCompile>
    <ClCompile Include="..\CAudioFormat.cpp">
      <Filter>purrfx</Filter>
    </ClCompile>
    <ClCompile Include="..\CAudioProxyBuffer.cpp">
      <Filter>purrfx</Filter>
    </ClCompile>
    <ClCompile Include="..\CAudioProxyBufferDataProvider.cpp">
      <Filter>purrfx</Filter>
    </ClCompile>
    <ClCompile Include="..\CNesGmeAudioDataProvider.cpp">
      <Filter>purrfx</Filter>
    </ClCompile>
    <ClCompile Include="..\CFrameData.cpp">
      <Filter>purrfx</Filter>
    </ClCompile>
    <ClCompile Include="..\CFrameDataConsumer.cpp">
      <Filter>purrfx</Filter>
    </ClCompile>
    <ClCompile Include="..\CFrameDataFileWriter.cpp">
      <Filter>purrfx</Filter>
    </ClCompile>
    <ClCompile Include="..\CNesPtr.cpp">
      <Filter>purrfx</Filter>
    </ClCompile>
    <ClCompile Include="..\CFrameDataProducer.cpp">
      <Filter>purrfx</Filter>
    </ClCompile>
    <ClCompile Include="..\CFrameDataFileReader.cpp">
      <Filter>purrfx</Filter>
    </ClCompile>
    <ClCompile Include="..\CFrameDataProcessor.cpp">
      <Filter>purrfx</Filter>
    </ClCompile>
    <ClCompile Include="..\CNsfTemplate.cpp">
      <Filter>purrfx</Filter>
    </ClCompile>
    <ClCompile Include="..\CDpcmDataConsumer.cpp">
      <Filter>purrfx</Filter>
    </ClCompile>
    <ClCompile Include="..\CNesCalculations.cpp">
      <Filter>purrfx</Filter>
    </ClCompile>
    <ClCompile Include="..\CDpcmSample.cpp">
      <Filter>purrfx</Filter>
    </ClCompile>
    <ClCompile Include="..\CDpcmDataFileWriter.cpp">
      <Filter>purrfx</Filter>
    </ClCompile>
    <ClCompile Include="..\CDpcmDataProvider.cpp">
      <Filter>purrfx</Filter>
    </ClCompile>
    <ClCompile Include="..\CDpcmDataFileReader.cpp">
      <Filter>purrfx</Filter>
    </ClCompile>
    <ClCompile Include="..\CDpcmFile.cpp">
      <Filter>purrfx</Filter>
    </ClCompile>
    <ClCompile Include="..\CFile.cpp">
      <Filter>purrfx</Filter>
    </ClCompile>
    <ClCompile Include="..\CFrameDataBuffer.cpp">
      <Filter>purrfx</Filter>
    </ClCompile>
    <ClCompile Include="..\CDpcmStorage.cpp">
      <Filter>purrfx</Filter>
    </ClCompile>
    <ClCompile Include="..\CDpcmDataBuffer.cpp">
      <Filter>purrfx</Filter>
    </ClCompile>
  </ItemGroup>
  <ItemGroup>
    <ClInclude Include="..\gme\blargg_common.h">
      <Filter>gme</Filter>
    </ClInclude>
    <ClInclude Include="..\gme\blargg_config.h">
      <Filter>gme</Filter>
    </ClInclude>
    <ClInclude Include="..\gme\blargg_endian.h">
      <Filter>gme</Filter>
    </ClInclude>
    <ClInclude Include="..\gme\blargg_source.h">
      <Filter>gme</Filter>
    </ClInclude>
    <ClInclude Include="..\gme\Blip_Buffer.h">
      <Filter>gme</Filter>
    </ClInclude>
    <ClInclude Include="..\gme\Classic_Emu.h">
      <Filter>gme</Filter>
    </ClInclude>
    <ClInclude Include="..\gme\Data_Reader.h">
      <Filter>gme</Filter>
    </ClInclude>
    <ClInclude Include="..\gme\Dual_Resampler.h">
      <Filter>gme</Filter>
    </ClInclude>
    <ClInclude Include="..\gme\Effects_Buffer.h">
      <Filter>gme</Filter>
    </ClInclude>
    <ClInclude Include="..\gme\Fir_Resampler.h">
      <Filter>gme</Filter>
    </ClInclude>
    <ClInclude Include="..\gme\gme.h">
      <Filter>gme</Filter>
    </ClInclude>
    <ClInclude Include="..\gme\Gme_File.h">
      <Filter>gme</Filter>
    </ClInclude>
    <ClInclude Include="..\gme\gme_types.h">
      <Filter>gme</Filter>
    </ClInclude>
    <ClInclude Include="..\gme\M3u_Playlist.h">
      <Filter>gme</Filter>
    </ClInclude>
    <ClInclude Include="..\gme\Multi_Buffer.h">
      <Filter>gme</Filter>
    </ClInclude>
    <ClInclude Include="..\gme\Music_Emu.h">
      <Filter>gme</Filter>
    </ClInclude>
    <ClInclude Include="..\gme\Nes_Apu.h">
      <Filter>gme</Filter>
    </ClInclude>
    <ClInclude Include="..\gme\Nes_Cpu.h">
      <Filter>gme</Filter>
    </ClInclude>
    <ClInclude Include="..\gme\nes_cpu_io.h">
      <Filter>gme</Filter>
    </ClInclude>
    <ClInclude Include="..\gme\Nes_Fme7_Apu.h">
      <Filter>gme</Filter>
    </ClInclude>
    <ClInclude Include="..\gme\Nes_Namco_Apu.h">
      <Filter>gme</Filter>
    </ClInclude>
    <ClInclude Include="..\gme\Nes_Oscs.h">
      <Filter>gme</Filter>
    </ClInclude>
    <ClInclude Include="..\gme\Nes_Vrc6_Apu.h">
      <Filter>gme</Filter>
    </ClInclude>
    <ClInclude Include="..\gme\Nsf_Emu.h">
      <Filter>gme</Filter>
    </ClInclude>
    <ClInclude Include="..\gme\Nsfe_Emu.h">
      <Filter>gme</Filter>
    </ClInclude>
    <ClInclude Include="..\CNes.h">
      <Filter>purrfx</Filter>
    </ClInclude>
    <ClInclude Include="..\CNesGme.h">
      <Filter>purrfx</Filter>
    </ClInclude>
    <ClInclude Include="..\DClass.h">
      <Filter>purrfx</Filter>
    </ClInclude>
    <ClInclude Include="..\gme\PurrFX_Stuff.h">
      <Filter>gme</Filter>
    </ClInclude>
    <ClInclude Include="..\CLogItem.h">
      <Filter>purrfx</Filter>
    </ClInclude>
    <ClInclude Include="..\CLogDataConsumer.h">
      <Filter>purrfx</Filter>
    </ClInclude>
    <ClInclude Include="..\CLogItemCpuInstruction.h">
      <Filter>purrfx</Filter>
    </ClInclude>
    <ClInclude Include="..\CLogFileWriter.h">
      <Filter>purrfx</Filter>
    </ClInclude>
    <ClInclude Include="..\ELogItemType.h">
      <Filter>purrfx</Filter>
    </ClInclude>
    <ClInclude Include="..\CCpuInstructionInfo.h">
      <Filter>purrfx</Filter>
    </ClInclude>
    <ClInclude Include="..\CBufferedFileWriter.h">
      <Filter>purrfx</Filter>
    </ClInclude>
    <ClInclude Include="..\CLogItemCodeLabel.h">
      <Filter>purrfx</Filter>
    </ClInclude>
    <ClInclude Include="..\ECodeLabelType.h">
      <Filter>purrfx</Filter>
    </ClInclude>
    <ClInclude Include="..\CLogItemFrameStart.h">
      <Filter>purrfx</Filter>
    </ClInclude>
    <ClInclude Include="..\CLogItemApuRegisterWrite.h">
      <Filter>purrfx</Filter>
    </ClInclude>
    <ClInclude Include="..\CLogItemFrameEnd.h">
      <Filter>purrfx</Filter>
    </ClInclude>
    <ClInclude Include="..\CAudioDataConsumer.h">
      <Filter>purrfx</Filter>
    </ClInclude>
    <ClInclude Include="..\CAudioDataConsumerWavWriter.h">
      <Filter>purrfx</Filter>
    </ClInclude>
    <ClInclude Include="..\CAudioDataConsumerDummy.h">
      <Filter>purrfx</Filter>
    </ClInclude>
    <ClInclude Include="..\PurrFX.h">
      <Filter>purrfx</Filter>
    </ClInclude>
    <ClInclude Include="..\CAudioFormat.h">
      <Filter>purrfx</Filter>
    </ClInclude>
    <ClInclude Include="..\CAudioProxyBuffer.h">
      <Filter>purrfx</Filter>
    </ClInclude>
    <ClInclude Include="..\CAudioProxyBufferDataProvider.h">
      <Filter>purrfx</Filter>
    </ClInclude>
    <ClInclude Include="..\CNesGmeAudioDataProvider.h">
      <Filter>purrfx</Filter>
    </ClInclude>
    <ClInclude Include="..\CFrameData.h">
      <Filter>purrfx</Filter>
    </ClInclude>
    <ClInclude Include="..\CFrameDataConsumer.h">
      <Filter>purrfx</Filter>
    </ClInclude>
    <ClInclude Include="..\ERegister.h">
      <Filter>purrfx</Filter>
    </ClInclude>
    <ClInclude Include="..\CFrameDataFileWriter.h">
      <Filter>purrfx</Filter>
    </ClInclude>
    <ClInclude Include="..\ENesType.h">
      <Filter>purrfx</Filter>
    </ClInclude>
    <ClInclude Include="..\CNesPtr.h">
      <Filter>purrfx</Filter>
    </ClInclude>
    <ClInclude Include="..\CFrameDataProducer.h">
      <Filter>purrfx</Filter>
    </ClInclude>
    <ClInclude Include="..\CFrameDataFileReader.h">
      <Filter>purrfx</Filter>
    </ClInclude>
    <ClInclude Include="..\CFrameDataProducerRandomAccess.h">
      <Filter>purrfx</Filter>
    </ClInclude>
    <ClInclude Include="..\CFrameDataProcessor.h">
      <Filter>purrfx</Filter>
    </ClInclude>
    <ClInclude Include="..\CNsfTemplate.h">
      <Filter>purrfx</Filter>
    </ClInclude>
    <ClInclude Include="..\CDpcmDataConsumer.h">
      <Filter>purrfx</Filter>
    </ClInclude>
    <ClInclude Include="..\CNesCalculations.h">
      <Filter>purrfx</Filter>
    </ClInclude>
    <ClInclude Include="..\DNesConsts.h">
      <Filter>purrfx</Filter>
    </ClInclude>
    <ClInclude Include="..\CDpcmSample.h">
      <Filter>purrfx</Filter>
    </ClInclude>
    <ClInclude Include="..\CDpcmDataFileWriter.h">
      <Filter>purrfx</Filter>
    </ClInclude>
    <ClInclude Include="..\EDpcmFileType.h">
      <Filter>purrfx</Filter>
    </ClInclude>
    <ClInclude Include="..\CDpcmDataProvider.h">
      <Filter>purrfx</Filter>
    </ClInclude>
    <ClInclude Include="..\CDpcmDataFileReader.h">
      <Filter>purrfx</Filter>
    </ClInclude>
    <ClInclude Include="..\CDpcmFile.h">
      <Filter>purrfx</Filter>
    </ClInclude>
    <ClInclude Include="..\CFile.h">
      <Filter>purrfx</Filter>
    </ClInclude>
    <ClInclude Include="..\DPath.h">
      <Filter>purrfx</Filter>
    </ClInclude>
    <ClInclude Include="..\CFrameDataBuffer.h">
      <Filter>purrfx</Filter>
    </ClInclude>
    <ClInclude Include="..\CDpcmStorage.h">
      <Filter>purrfx</Filter>
    </ClInclude>
    <ClInclude Include="..\CDpcmDataBuffer.h">
      <Filter>purrfx</Filter>
    </ClInclude>
  </ItemGroup>
</Project>